
Microsoft Visual Studio Solution File, Format Version 11.00
# Visual Studio 2010
Project("{8BC9CEB8-8B4A-11D0-8D11-00A0C91BC942}") = "libass", "libass.vcxproj", "{DF784246-F9D0-4E36-AC7E-E523995F79DE}"
EndProject
Global
	GlobalSection(SolutionConfigurationPlatforms) = preSolution
		Debug|Win32 = Debug|Win32
		Release|Win32 = Release|Win32
	EndGlobalSection
	GlobalSection(ProjectConfigurationPlatforms) = postSolution
		{DF784246-F9D0-4E36-AC7E-E523995F79DE}.Debug|Win32.ActiveCfg = Debug|Win32
		{DF784246-F9D0-4E36-AC7E-E523995F79DE}.Debug|Win32.Build.0 = Debug|Win32
		{DF784246-F9D0-4E36-AC7E-E523995F79DE}.Release|Win32.ActiveCfg = Release|Win32
		{DF784246-F9D0-4E36-AC7E-E523995F79DE}.Release|Win32.Build.0 = Release|Win32
	EndGlobalSection
	GlobalSection(SolutionProperties) = preSolution
		HideSolutionNode = FALSE
	EndGlobalSection
EndGlobal
